
Microsoft Visual Studio Solution File, Format Version 12.00
# Visual Studio Version 17
VisualStudioVersion = 17.3.32922.545
MinimumVisualStudioVersion = 10.0.40219.1
Project("{9A19103F-16F7-4668-BE54-9A1E7A4F7556}") = "FPTBook", "FPTBook\FPTBook.csproj", "{541E60C0-5978-4DE2-8C67-6E6BB1DE6DEC}"
EndProject
Global
	GlobalSection(SolutionConfigurationPlatforms) = preSolution
		Debug|Any CPU = Debug|Any CPU
		Release|Any CPU = Release|Any CPU
	EndGlobalSection
	GlobalSection(ProjectConfigurationPlatforms) = postSolution
		{541E60C0-5978-4DE2-8C67-6E6BB1DE6DEC}.Debug|Any CPU.ActiveCfg = Debug|Any CPU
		{541E60C0-5978-4DE2-8C67-6E6BB1DE6DEC}.Debug|Any CPU.Build.0 = Debug|Any CPU
		{541E60C0-5978-4DE2-8C67-6E6BB1DE6DEC}.Release|Any CPU.ActiveCfg = Release|Any CPU
		{541E60C0-5978-4DE2-8C67-6E6BB1DE6DEC}.Release|Any CPU.Build.0 = Release|Any CPU
	EndGlobalSection
	GlobalSection(SolutionProperties) = preSolution
		HideSolutionNode = FALSE
	EndGlobalSection
	GlobalSection(ExtensibilityGlobals) = postSolution
		SolutionGuid = {22812AA6-BF9B-4ECA-A006-9ECE97FC4EC6}
	EndGlobalSection
EndGlobal
